
Microsoft Visual Studio Solution File, Format Version 12.00
# Visual Studio Version 16
VisualStudioVersion = 16.0.34902.97
MinimumVisualStudioVersion = 10.0.40219.1
Project("{FAE04EC0-301F-11D3-BF4B-00C04F79EFBC}") = "NotatnikUpo", "KompJeden\NotatnikUpo.csproj", "{E0CDAC54-C7B7-4635-9A3D-90130E611043}"
EndProject
Global
	GlobalSection(SolutionConfigurationPlatforms) = preSolution
		Debug|Any CPU = Debug|Any CPU
		Release|Any CPU = Release|Any CPU
	EndGlobalSection
	GlobalSection(ProjectConfigurationPlatforms) = postSolution
		{E0CDAC54-C7B7-4635-9A3D-90130E611043}.Debug|Any CPU.ActiveCfg = Debug|Any CPU
		{E0CDAC54-C7B7-4635-9A3D-90130E611043}.Debug|Any CPU.Build.0 = Debug|Any CPU
		{E0CDAC54-C7B7-4635-9A3D-90130E611043}.Release|Any CPU.ActiveCfg = Release|Any CPU
		{E0CDAC54-C7B7-4635-9A3D-90130E611043}.Release|Any CPU.Build.0 = Release|Any CPU
	EndGlobalSection
	GlobalSection(SolutionProperties) = preSolution
		HideSolutionNode = FALSE
	EndGlobalSection
	GlobalSection(ExtensibilityGlobals) = postSolution
		SolutionGuid = {6EBD16B5-DF64-4B2A-85A7-451D3CFEE489}
	EndGlobalSection
EndGlobal
